// !$*UTF8*$!
{
	archiveVersion = 1;
	classes = {
	};
	objectVersion = 46;
	objects = {

/* Begin PBXBuildFile section */
		1D3623581EDFC88600FD50DB /* main.m in Sources */ = {isa = PBXBuildFile; fileRef = 1D3623571EDFC88600FD50DB /* main.m */; };
		1D36235B1EDFC88600FD50DB /* AppDelegate.m in Sources */ = {isa = PBXBuildFile; fileRef = 1D36235A1EDFC88600FD50DB /* AppDelegate.m */; };
		1D36235E1EDFC88600FD50DB /* ViewController.m in Sources */ = {isa = PBXBuildFile; fileRef = 1D36235D1EDFC88600FD50DB /* ViewController.m */; };
		1D3623611EDFC88600FD50DB /* Main.storyboard in Resources */ = {isa = PBXBuildFile; fileRef = 1D36235F1EDFC88600FD50DB /* Main.storyboard */; };
		1D3623631EDFC88600FD50DB /* Assets.xcassets in Resources */ = {isa = PBXBuildFile; fileRef = 1D3623621EDFC88600FD50DB /* Assets.xcassets */; };
		1D3623661EDFC88600FD50DB /* LaunchScreen.storyboard in Resources */ = {isa = PBXBuildFile; fileRef = 1D3623641EDFC88600FD50DB /* LaunchScreen.storyboard */; };
		1D3623711EDFC88600FD50DB /* ios_UIGesture____Tests.m in Sources */ = {isa = PBXBuildFile; fileRef = 1D3623701EDFC88600FD50DB /* ios_UIGesture____Tests.m */; };
		1D36237C1EDFC88600FD50DB /* ios_UIGesture____UITests.m in Sources */ = {isa = PBXBuildFile; fileRef = 1D36237B1EDFC88600FD50DB /* ios_UIGesture____UITests.m */; };
		1D36238A1EDFD5F200FD50DB /* 1.JPG in Resources */ = {isa = PBXBuildFile; fileRef = 1D3623891EDFD5F200FD50DB /* 1.JPG */; };
/* End PBXBuildFile section */

/* Begin PBXContainerItemProxy section */
		1D36236D1EDFC88600FD50DB /* PBXContainerItemProxy */ = {
			isa = PBXContainerItemProxy;
			containerPortal = 1D36234B1EDFC88500FD50DB /* Project object */;
			proxyType = 1;
			remoteGlobalIDString = 1D3623521EDFC88500FD50DB;
			remoteInfo = "ios-UIGesture扩展手势";
		};
		1D3623781EDFC88600FD50DB /* PBXContainerItemProxy */ = {
			isa = PBXContainerItemProxy;
			containerPortal = 1D36234B1EDFC88500FD50DB /* Project object */;
			proxyType = 1;
			remoteGlobalIDString = 1D3623521EDFC88500FD50DB;
			remoteInfo = "ios-UIGesture扩展手势";
		};
/* End PBXContainerItemProxy section */

/* Begin PBXFileReference section */
		1D3623531EDFC88500FD50DB /* ios-UIGesture扩展手势.app */ = {isa = PBXFileReference; explicitFileType = wrapper.application; includeInIndex = 0; path = "ios-UIGesture扩展手势.app"; sourceTree = BUILT_PRODUCTS_DIR; };
		1D3623571EDFC88600FD50DB /* main.m */ = {isa = PBXFileReference; lastKnownFileType = sourcecode.c.objc; path = main.m; sourceTree = "<group>"; };
		1D3623591EDFC88600FD50DB /* AppDelegate.h */ = {isa = PBXFileReference; lastKnownFileType = sourcecode.c.h; path = AppDelegate.h; sourceTree = "<group>"; };
		1D36235A1EDFC88600FD50DB /* AppDelegate.m */ = {isa = PBXFileReference; lastKnownFileType = sourcecode.c.objc; path = AppDelegate.m; sourceTree = "<group>"; };
		1D36235C1EDFC88600FD50DB /* ViewController.h */ = {isa = PBXFileReference; lastKnownFileType = sourcecode.c.h; path = ViewController.h; sourceTree = "<group>"; };
		1D36235D1EDFC88600FD50DB /* ViewController.m */ = {isa = PBXFileReference; lastKnownFileType = sourcecode.c.objc; path = ViewController.m; sourceTree = "<group>"; };
		1D3623601EDFC88600FD50DB /* Base */ = {isa = PBXFileReference; lastKnownFileType = file.storyboard; name = Base; path = Base.lproj/Main.storyboard; sourceTree = "<group>"; };
		1D3623621EDFC88600FD50DB /* Assets.xcassets */ = {isa = PBXFileReference; lastKnownFileType = folder.assetcatalog; path = Assets.xcassets; sourceTree = "<group>"; };
		1D3623651EDFC88600FD50DB /* Base */ = {isa = PBXFileReference; lastKnownFileType = file.storyboard; name = Base; path = Base.lproj/LaunchScreen.storyboard; sourceTree = "<group>"; };
		1D3623671EDFC88600FD50DB /* Info.plist */ = {isa = PBXFileReference; lastKnownFileType = text.plist.xml; path = Info.plist; sourceTree = "<group>"; };
		1D36236C1EDFC88600FD50DB /* ios-UIGesture扩展手势Tests.xctest */ = {isa = PBXFileReference; explicitFileType = wrapper.cfbundle; includeInIndex = 0; path = "ios-UIGesture扩展手势Tests.xctest"; sourceTree = BUILT_PRODUCTS_DIR; };
		1D3623701EDFC88600FD50DB /* ios_UIGesture____Tests.m */ = {isa = PBXFileReference; lastKnownFileType = sourcecode.c.objc; path = "ios_UIGesture____Tests.m"; sourceTree = "<group>"; };
		1D3623721EDFC88600FD50DB /* Info.plist */ = {isa = PBXFileReference; lastKnownFileType = text.plist.xml; path = Info.plist; sourceTree = "<group>"; };
		1D3623771EDFC88600FD50DB /* ios-UIGesture扩展手势UITests.xctest */ = {isa = PBXFileReference; explicitFileType = wrapper.cfbundle; includeInIndex = 0; path = "ios-UIGesture扩展手势UITests.xctest"; sourceTree = BUILT_PRODUCTS_DIR; };
		1D36237B1EDFC88600FD50DB /* ios_UIGesture____UITests.m */ = {isa = PBXFileReference; lastKnownFileType = sourcecode.c.objc; path = "ios_UIGesture____UITests.m"; sourceTree = "<group>"; };
		1D36237D1EDFC88600FD50DB /* Info.plist */ = {isa = PBXFileReference; lastKnownFileType = text.plist.xml; path = Info.plist; sourceTree = "<group>"; };
		1D3623891EDFD5F200FD50DB /* 1.JPG */ = {isa = PBXFileReference; lastKnownFileType = image.jpeg; name = 1.JPG; path = "ios-UIGesture扩展手势/1.JPG"; sourceTree = "<group>"; };
/* End PBXFileReference section */

/* Begin PBXFrameworksBuildPhase section */
		1D3623501EDFC88500FD50DB /* Frameworks */ = {
			isa = PBXFrameworksBuildPhase;
			buildActionMask = 2147483647;
			files = (
			);
			runOnlyForDeploymentPostprocessing = 0;
		};
		1D3623691EDFC88600FD50DB /* Frameworks */ = {
			isa = PBXFrameworksBuildPhase;
			buildActionMask = 2147483647;
			files = (
			);
			runOnlyForDeploymentPostprocessing = 0;
		};
		1D3623741EDFC88600FD50DB /* Frameworks */ = {
			isa = PBXFrameworksBuildPhase;
			buildActionMask = 2147483647;
			files = (
			);
			runOnlyForDeploymentPostprocessing = 0;
		};
/* End PBXFrameworksBuildPhase section */

/* Begin PBXGroup section */
		1D36234A1EDFC88500FD50DB = {
			isa = PBXGroup;
			children = (
				1D3623891EDFD5F200FD50DB /* 1.JPG */,
				1D3623551EDFC88500FD50DB /* ios-UIGesture扩展手势 */,
				1D36236F1EDFC88600FD50DB /* ios-UIGesture扩展手势Tests */,
				1D36237A1EDFC88600FD50DB /* ios-UIGesture扩展手势UITests */,
				1D3623541EDFC88500FD50DB /* Products */,
			);
			sourceTree = "<group>";
		};
		1D3623541EDFC88500FD50DB /* Products */ = {
			isa = PBXGroup;
			children = (
				1D3623531EDFC88500FD50DB /* ios-UIGesture扩展手势.app */,
				1D36236C1EDFC88600FD50DB /* ios-UIGesture扩展手势Tests.xctest */,
				1D3623771EDFC88600FD50DB /* ios-UIGesture扩展手势UITests.xctest */,
			);
			name = Products;
			sourceTree = "<group>";
		};
		1D3623551EDFC88500FD50DB /* ios-UIGesture扩展手势 */ = {
			isa = PBXGroup;
			children = (
				1D3623591EDFC88600FD50DB /* AppDelegate.h */,
				1D36235A1EDFC88600FD50DB /* AppDelegate.m */,
				1D36235C1EDFC88600FD50DB /* ViewController.h */,
				1D36235D1EDFC88600FD50DB /* ViewController.m */,
				1D36235F1EDFC88600FD50DB /* Main.storyboard */,
				1D3623621EDFC88600FD50DB /* Assets.xcassets */,
				1D3623641EDFC88600FD50DB /* LaunchScreen.storyboard */,
				1D3623671EDFC88600FD50DB /* Info.plist */,
				1D3623561EDFC88500FD50DB /* Supporting Files */,
			);
			path = "ios-UIGesture扩展手势";
			sourceTree = "<group>";
		};
		1D3623561EDFC88500FD50DB /* Supporting Files */ = {
			isa = PBXGroup;
			children = (
				1D3623571EDFC88600FD50DB /* main.m */,
			);
			name = "Supporting Files";
			sourceTree = "<group>";
		};
		1D36236F1EDFC88600FD50DB /* ios-UIGesture扩展手势Tests */ = {
			isa = PBXGroup;
			children = (
				1D3623701EDFC88600FD50DB /* ios_UIGesture____Tests.m */,
				1D3623721EDFC88600FD50DB /* Info.plist */,
			);
			path = "ios-UIGesture扩展手势Tests";
			sourceTree = "<group>";
		};
		1D36237A1EDFC88600FD50DB /* ios-UIGesture扩展手势UITests */ = {
			isa = PBXGroup;
			children = (
				1D36237B1EDFC88600FD50DB /* ios_UIGesture____UITests.m */,
				1D36237D1EDFC88600FD50DB /* Info.plist */,
			);
			path = "ios-UIGesture扩展手势UITests";
			sourceTree = "<group>";
		};
/* End PBXGroup section */

/* Begin PBXNativeTarget section */
		1D3623521EDFC88500FD50DB /* ios-UIGesture扩展手势 */ = {
			isa = PBXNativeTarget;
			buildConfigurationList = 1D3623801EDFC88600FD50DB /* Build configuration list for PBXNativeTarget "ios-UIGesture扩展手势" */;
			buildPhases = (
				1D36234F1EDFC88500FD50DB /* Sources */,
				1D3623501EDFC88500FD50DB /* Frameworks */,
				1D3623511EDFC88500FD50DB /* Resources */,
			);
			buildRules = (
			);
			dependencies = (
			);
			name = "ios-UIGesture扩展手势";
			productName = "ios-UIGesture扩展手势";
			productReference = 1D3623531EDFC88500FD50DB /* ios-UIGesture扩展手势.app */;
			productType = "com.apple.product-type.application";
		};
		1D36236B1EDFC88600FD50DB /* ios-UIGesture扩展手势Tests */ = {
			isa = PBXNativeTarget;
			buildConfigurationList = 1D3623831EDFC88600FD50DB /* Build configuration list for PBXNativeTarget "ios-UIGesture扩展手势Tests" */;
			buildPhases = (
				1D3623681EDFC88600FD50DB /* Sources */,
				1D3623691EDFC88600FD50DB /* Frameworks */,
				1D36236A1EDFC88600FD50DB /* Resources */,
			);
			buildRules = (
			);
			dependencies = (
				1D36236E1EDFC88600FD50DB /* PBXTargetDependency */,
			);
			name = "ios-UIGesture扩展手势Tests";
			productName = "ios-UIGesture扩展手势Tests";
			productReference = 1D36236C1EDFC88600FD50DB /* ios-UIGesture扩展手势Tests.xctest */;
			productType = "com.apple.product-type.bundle.unit-test";
		};
		1D3623761EDFC88600FD50DB /* ios-UIGesture扩展手势UITests */ = {
			isa = PBXNativeTarget;
			buildConfigurationList = 1D3623861EDFC88600FD50DB /* Build configuration list for PBXNativeTarget "ios-UIGesture扩展手势UITests" */;
			buildPhases = (
				1D3623731EDFC88600FD50DB /* Sources */,
				1D3623741EDFC88600FD50DB /* Frameworks */,
				1D3623751EDFC88600FD50DB /* Resources */,
			);
			buildRules = (
			);
			dependencies = (
				1D3623791EDFC88600FD50DB /* PBXTargetDependency */,
			);
			name = "ios-UIGesture扩展手势UITests";
			productName = "ios-UIGesture扩展手势UITests";
			productReference = 1D3623771EDFC88600FD50DB /* ios-UIGesture扩展手势UITests.xctest */;
			productType = "com.apple.product-type.bundle.ui-testing";
		};
/* End PBXNativeTarget section */

/* Begin PBXProject section */
		1D36234B1EDFC88500FD50DB /* Project object */ = {
			isa = PBXProject;
			attributes = {
				LastUpgradeCheck = 0830;
				ORGANIZATIONNAME = apple;
				TargetAttributes = {
					1D3623521EDFC88500FD50DB = {
						CreatedOnToolsVersion = 8.3;
						ProvisioningStyle = Automatic;
					};
					1D36236B1EDFC88600FD50DB = {
						CreatedOnToolsVersion = 8.3;
						ProvisioningStyle = Automatic;
						TestTargetID = 1D3623521EDFC88500FD50DB;
					};
					1D3623761EDFC88600FD50DB = {
						CreatedOnToolsVersion = 8.3;
						ProvisioningStyle = Automatic;
						TestTargetID = 1D3623521EDFC88500FD50DB;
					};
				};
			};
			buildConfigurationList = 1D36234E1EDFC88500FD50DB /* Build configuration list for PBXProject "ios-UIGesture扩展手势" */;
			compatibilityVersion = "Xcode 3.2";
			developmentRegion = English;
			hasScannedForEncodings = 0;
			knownRegions = (
				en,
				Base,
			);
			mainGroup = 1D36234A1EDFC88500FD50DB;
			productRefGroup = 1D3623541EDFC88500FD50DB /* Products */;
			projectDirPath = "";
			projectRoot = "";
			targets = (
				1D3623521EDFC88500FD50DB /* ios-UIGesture扩展手势 */,
				1D36236B1EDFC88600FD50DB /* ios-UIGesture扩展手势Tests */,
				1D3623761EDFC88600FD50DB /* ios-UIGesture扩展手势UITests */,
			);
		};
/* End PBXProject section */

/* Begin PBXResourcesBuildPhase section */
		1D3623511EDFC88500FD50DB /* Resources */ = {
			isa = PBXResourcesBuildPhase;
			buildActionMask = 2147483647;
			files = (
				1D3623661EDFC88600FD50DB /* LaunchScreen.storyboard in Resources */,
				1D36238A1EDFD5F200FD50DB /* 1.JPG in Resources */,
				1D3623631EDFC88600FD50DB /* Assets.xcassets in Resources */,
				1D3623611EDFC88600FD50DB /* Main.storyboard in Resources */,
			);
			runOnlyForDeploymentPostprocessing = 0;
		};
		1D36236A1EDFC88600FD50DB /* Resources */ = {
			isa = PBXResourcesBuildPhase;
			buildActionMask = 2147483647;
			files = (
			);
			runOnlyForDeploymentPostprocessing = 0;
		};
		1D3623751EDFC88600FD50DB /* Resources */ = {
			isa = PBXResourcesBuildPhase;
			buildActionMask = 2147483647;
			files = (
			);
			runOnlyForDeploymentPostprocessing = 0;
		};
/* End PBXResourcesBuildPhase section */

/* Begin PBXSourcesBuildPhase section */
		1D36234F1EDFC88500FD50DB /* Sources */ = {
			isa = PBXSourcesBuildPhase;
			buildActionMask = 2147483647;
			files = (
				1D36235E1EDFC88600FD50DB /* ViewController.m in Sources */,
				1D36235B1EDFC88600FD50DB /* AppDelegate.m in Sources */,
				1D3623581EDFC88600FD50DB /* main.m in Sources */,
			);
			runOnlyForDeploymentPostprocessing = 0;
		};
		1D3623681EDFC88600FD50DB /* Sources */ = {
			isa = PBXSourcesBuildPhase;
			buildActionMask = 2147483647;
			files = (
				1D3623711EDFC88600FD50DB /* ios_UIGesture____Tests.m in Sources */,
			);
			runOnlyForDeploymentPostprocessing = 0;
		};
		1D3623731EDFC88600FD50DB /* Sources */ = {
			isa = PBXSourcesBuildPhase;
			buildActionMask = 2147483647;
			files = (
				1D36237C1EDFC88600FD50DB /* ios_UIGesture____UITests.m in Sources */,
			);
			runOnlyForDeploymentPostprocessing = 0;
		};
/* End PBXSourcesBuildPhase section */

/* Begin PBXTargetDependency section */
		1D36236E1EDFC88600FD50DB /* PBXTargetDependency */ = {
			isa = PBXTargetDependency;
			target = 1D3623521EDFC88500FD50DB /* ios-UIGesture扩展手势 */;
			targetProxy = 1D36236D1EDFC88600FD50DB /* PBXContainerItemProxy */;
		};
		1D3623791EDFC88600FD50DB /* PBXTargetDependency */ = {
			isa = PBXTargetDependency;
			target = 1D3623521EDFC88500FD50DB /* ios-UIGesture扩展手势 */;
			targetProxy = 1D3623781EDFC88600FD50DB /* PBXContainerItemProxy */;
		};
/* End PBXTargetDependency section */

/* Begin PBXVariantGroup section */
		1D36235F1EDFC88600FD50DB /* Main.storyboard */ = {
			isa = PBXVariantGroup;
			children = (
				1D3623601EDFC88600FD50DB /* Base */,
			);
			name = Main.storyboard;
			sourceTree = "<group>";
		};
		1D3623641EDFC88600FD50DB /* LaunchScreen.storyboard */ = {
			isa = PBXVariantGroup;
			children = (
				1D3623651EDFC88600FD50DB /* Base */,
			);
			name = LaunchScreen.storyboard;
			sourceTree = "<group>";
		};
/* End PBXVariantGroup section */

/* Begin XCBuildConfiguration section */
		1D36237E1EDFC88600FD50DB /* Debug */ = {
			isa = XCBuildConfiguration;
			buildSettings = {
				ALWAYS_SEARCH_USER_PATHS = NO;
				CLANG_ANALYZER_NONNULL = YES;
				CLANG_ANALYZER_NUMBER_OBJECT_CONVERSION = YES_AGGRESSIVE;
				CLANG_CXX_LANGUAGE_STANDARD = "gnu++0x";
				CLANG_CXX_LIBRARY = "libc++";
				CLANG_ENABLE_MODULES = YES;
				CLANG_ENABLE_OBJC_ARC = YES;
				CLANG_WARN_BOOL_CONVERSION = YES;
				CLANG_WARN_CONSTANT_CONVERSION = YES;
				CLANG_WARN_DIRECT_OBJC_ISA_USAGE = YES_ERROR;
				CLANG_WARN_DOCUMENTATION_COMMENTS = YES;
				CLANG_WARN_EMPTY_BODY = YES;
				CLANG_WARN_ENUM_CONVERSION = YES;
				CLANG_WARN_INFINITE_RECURSION = YES;
				CLANG_WARN_INT_CONVERSION = YES;
				CLANG_WARN_OBJC_ROOT_CLASS = YES_ERROR;
				CLANG_WARN_SUSPICIOUS_MOVE = YES;
				CLANG_WARN_UNREACHABLE_CODE = YES;
				CLANG_WARN__DUPLICATE_METHOD_MATCH = YES;
				"CODE_SIGN_IDENTITY[sdk=iphoneos*]" = "iPhone Developer";
				COPY_PHASE_STRIP = NO;
				DEBUG_INFORMATION_FORMAT = dwarf;
				ENABLE_STRICT_OBJC_MSGSEND = YES;
				ENABLE_TESTABILITY = YES;
				GCC_C_LANGUAGE_STANDARD = gnu99;
				GCC_DYNAMIC_NO_PIC = NO;
				GCC_NO_COMMON_BLOCKS = YES;
				GCC_OPTIMIZATION_LEVEL = 0;
				GCC_PREPROCESSOR_DEFINITIONS = (
					"DEBUG=1",
					"$(inherited)",
				);
				GCC_WARN_64_TO_32_BIT_CONVERSION = YES;
				GCC_WARN_ABOUT_RETURN_TYPE = YES_ERROR;
				GCC_WARN_UNDECLARED_SELECTOR = YES;
				GCC_WARN_UNINITIALIZED_AUTOS = YES_AGGRESSIVE;
				GCC_WARN_UNUSED_FUNCTION = YES;
				GCC_WARN_UNUSED_VARIABLE = YES;
				IPHONEOS_DEPLOYMENT_TARGET = 10.3;
				MTL_ENABLE_DEBUG_INFO = YES;
				ONLY_ACTIVE_ARCH = YES;
				SDKROOT = iphoneos;
			};
			name = Debug;
		};
		1D36237F1EDFC88600FD50DB /* Release */ = {
			isa = XCBuildConfiguration;
			buildSettings = {
				ALWAYS_SEARCH_USER_PATHS = NO;
				CLANG_ANALYZER_NONNULL = YES;
				CLANG_ANALYZER_NUMBER_OBJECT_CONVERSION = YES_AGGRESSIVE;
				CLANG_CXX_LANGUAGE_STANDARD = "gnu++0x";
				CLANG_CXX_LIBRARY = "libc++";
				CLANG_ENABLE_MODULES = YES;
				CLANG_ENABLE_OBJC_ARC = YES;
				CLANG_WARN_BOOL_CONVERSION = YES;
				CLANG_WARN_CONSTANT_CONVERSION = YES;
				CLANG_WARN_DIRECT_OBJC_ISA_USAGE = YES_ERROR;
				CLANG_WARN_DOCUMENTATION_COMMENTS = YES;
				CLANG_WARN_EMPTY_BODY = YES;
				CLANG_WARN_ENUM_CONVERSION = YES;
				CLANG_WARN_INFINITE_RECURSION = YES;
				CLANG_WARN_INT_CONVERSION = YES;
				CLANG_WARN_OBJC_ROOT_CLASS = YES_ERROR;
				CLANG_WARN_SUSPICIOUS_MOVE = YES;
				CLANG_WARN_UNREACHABLE_CODE = YES;
				CLANG_WARN__DUPLICATE_METHOD_MATCH = YES;
				"CODE_SIGN_IDENTITY[sdk=iphoneos*]" = "iPhone Developer";
				COPY_PHASE_STRIP = NO;
				DEBUG_INFORMATION_FORMAT = "dwarf-with-dsym";
				ENABLE_NS_ASSERTIONS = NO;
				ENABLE_STRICT_OBJC_MSGSEND = YES;
				GCC_C_LANGUAGE_STANDARD = gnu99;
				GCC_NO_COMMON_BLOCKS = YES;
				GCC_WARN_64_TO_32_BIT_CONVERSION = YES;
				GCC_WARN_ABOUT_RETURN_TYPE = YES_ERROR;
				GCC_WARN_UNDECLARED_SELECTOR = YES;
				GCC_WARN_UNINITIALIZED_AUTOS = YES_AGGRESSIVE;
				GCC_WARN_UNUSED_FUNCTION = YES;
				GCC_WARN_UNUSED_VARIABLE = YES;
				IPHONEOS_DEPLOYMENT_TARGET = 10.3;
				MTL_ENABLE_DEBUG_INFO = NO;
				SDKROOT = iphoneos;
				VALIDATE_PRODUCT = YES;
			};
			name = Release;
		};
		1D3623811EDFC88600FD50DB /* Debug */ = {
			isa = XCBuildConfiguration;
			buildSettings = {
				ASSETCATALOG_COMPILER_APPICON_NAME = AppIcon;
				INFOPLIST_FILE = "ios-UIGesture扩展手势/Info.plist";
				LD_RUNPATH_SEARCH_PATHS = "$(inherited) @executable_path/Frameworks";
				PRODUCT_BUNDLE_IDENTIFIER = "Rick.ios-UIGesture----";
				PRODUCT_NAME = "$(TARGET_NAME)";
			};
			name = Debug;
		};
		1D3623821EDFC88600FD50DB /* Release */ = {
			isa = XCBuildConfiguration;
			buildSettings = {
				ASSETCATALOG_COMPILER_APPICON_NAME = AppIcon;
				INFOPLIST_FILE = "ios-UIGesture扩展手势/Info.plist";
				LD_RUNPATH_SEARCH_PATHS = "$(inherited) @executable_path/Frameworks";
				PRODUCT_BUNDLE_IDENTIFIER = "Rick.ios-UIGesture----";
				PRODUCT_NAME = "$(TARGET_NAME)";
			};
			name = Release;
		};
		1D3623841EDFC88600FD50DB /* Debug */ = {
			isa = XCBuildConfiguration;
			buildSettings = {
				BUNDLE_LOADER = "$(TEST_HOST)";
				INFOPLIST_FILE = "ios-UIGesture扩展手势Tests/Info.plist";
				LD_RUNPATH_SEARCH_PATHS = "$(inherited) @executable_path/Frameworks @loader_path/Frameworks";
				PRODUCT_BUNDLE_IDENTIFIER = "Rick.ios-UIGesture----Tests";
				PRODUCT_NAME = "$(TARGET_NAME)";
				TEST_HOST = "$(BUILT_PRODUCTS_DIR)/ios-UIGesture扩展手势.app/ios-UIGesture扩展手势";
			};
			name = Debug;
		};
		1D3623851EDFC88600FD50DB /* Release */ = {
			isa = XCBuildConfiguration;
			buildSettings = {
				BUNDLE_LOADER = "$(TEST_HOST)";
				INFOPLIST_FILE = "ios-UIGesture扩展手势Tests/Info.plist";
				LD_RUNPATH_SEARCH_PATHS = "$(inherited) @executable_path/Frameworks @loader_path/Frameworks";
				PRODUCT_BUNDLE_IDENTIFIER = "Rick.ios-UIGesture----Tests";
				PRODUCT_NAME = "$(TARGET_NAME)";
				TEST_HOST = "$(BUILT_PRODUCTS_DIR)/ios-UIGesture扩展手势.app/ios-UIGesture扩展手势";
			};
			name = Release;
		};
		1D3623871EDFC88600FD50DB /* Debug */ = {
			isa = XCBuildConfiguration;
			buildSettings = {
				INFOPLIST_FILE = "ios-UIGesture扩展手势UITests/Info.plist";
				LD_RUNPATH_SEARCH_PATHS = "$(inherited) @executable_path/Frameworks @loader_path/Frameworks";
				PRODUCT_BUNDLE_IDENTIFIER = "Rick.ios-UIGesture----UITests";
				PRODUCT_NAME = "$(TARGET_NAME)";
				TEST_TARGET_NAME = "ios-UIGesture扩展手势";
			};
			name = Debug;
		};
		1D3623881EDFC88600FD50DB /* Release */ = {
			isa = XCBuildConfiguration;
			buildSettings = {
				INFOPLIST_FILE = "ios-UIGesture扩展手势UITests/Info.plist";
				LD_RUNPATH_SEARCH_PATHS = "$(inherited) @executable_path/Frameworks @loader_path/Frameworks";
				PRODUCT_BUNDLE_IDENTIFIER = "Rick.ios-UIGesture----UITests";
				PRODUCT_NAME = "$(TARGET_NAME)";
				TEST_TARGET_NAME = "ios-UIGesture扩展手势";
			};
			name = Release;
		};
/* End XCBuildConfiguration section */

/* Begin XCConfigurationList section */
		1D36234E1EDFC88500FD50DB /* Build configuration list for PBXProject "ios-UIGesture扩展手势" */ = {
			isa = XCConfigurationList;
			buildConfigurations = (
				1D36237E1EDFC88600FD50DB /* Debug */,
				1D36237F1EDFC88600FD50DB /* Release */,
			);
			defaultConfigurationIsVisible = 0;
			defaultConfigurationName = Release;
		};
		1D3623801EDFC88600FD50DB /* Build configuration list for PBXNativeTarget "ios-UIGesture扩展手势" */ = {
			isa = XCConfigurationList;
			buildConfigurations = (
				1D3623811EDFC88600FD50DB /* Debug */,
				1D3623821EDFC88600FD50DB /* Release */,
			);
			defaultConfigurationIsVisible = 0;
		};
		1D3623831EDFC88600FD50DB /* Build configuration list for PBXNativeTarget "ios-UIGesture扩展手势Tests" */ = {
			isa = XCConfigurationList;
			buildConfigurations = (
				1D3623841EDFC88600FD50DB /* Debug */,
				1D3623851EDFC88600FD50DB /* Release */,
			);
			defaultConfigurationIsVisible = 0;
		};
		1D3623861EDFC88600FD50DB /* Build configuration list for PBXNativeTarget "ios-UIGesture扩展手势UITests" */ = {
			isa = XCConfigurationList;
			buildConfigurations = (
				1D3623871EDFC88600FD50DB /* Debug */,
				1D3623881EDFC88600FD50DB /* Release */,
			);
			defaultConfigurationIsVisible = 0;
		};
/* End XCConfigurationList section */
	};
	rootObject = 1D36234B1EDFC88500FD50DB /* Project object */;
}
