// !$*UTF8*$!
{
	archiveVersion = 1;
	classes = {
	};
	objectVersion = 46;
	objects = {

/* Begin PBXBuildFile section */
		1D2D276A1EE0E2C900B0F0C6 /* main.m in Sources */ = {isa = PBXBuildFile; fileRef = 1D2D27691EE0E2C900B0F0C6 /* main.m */; };
		1D2D276D1EE0E2C900B0F0C6 /* AppDelegate.m in Sources */ = {isa = PBXBuildFile; fileRef = 1D2D276C1EE0E2C900B0F0C6 /* AppDelegate.m */; };
		1D2D27701EE0E2C900B0F0C6 /* ViewController.m in Sources */ = {isa = PBXBuildFile; fileRef = 1D2D276F1EE0E2C900B0F0C6 /* ViewController.m */; };
		1D2D27731EE0E2C900B0F0C6 /* Main.storyboard in Resources */ = {isa = PBXBuildFile; fileRef = 1D2D27711EE0E2C900B0F0C6 /* Main.storyboard */; };
		1D2D27751EE0E2C900B0F0C6 /* Assets.xcassets in Resources */ = {isa = PBXBuildFile; fileRef = 1D2D27741EE0E2C900B0F0C6 /* Assets.xcassets */; };
		1D2D27781EE0E2C900B0F0C6 /* LaunchScreen.storyboard in Resources */ = {isa = PBXBuildFile; fileRef = 1D2D27761EE0E2C900B0F0C6 /* LaunchScreen.storyboard */; };
		1D2D27831EE0E2C900B0F0C6 /* _3_ios_XIB______Tests.m in Sources */ = {isa = PBXBuildFile; fileRef = 1D2D27821EE0E2C900B0F0C6 /* _3_ios_XIB______Tests.m */; };
		1D2D278E1EE0E2C900B0F0C6 /* _3_ios_XIB______UITests.m in Sources */ = {isa = PBXBuildFile; fileRef = 1D2D278D1EE0E2C900B0F0C6 /* _3_ios_XIB______UITests.m */; };
		1D2D279E1EE0E2EF00B0F0C6 /* VCRoot.m in Sources */ = {isa = PBXBuildFile; fileRef = 1D2D279C1EE0E2EF00B0F0C6 /* VCRoot.m */; };
		1D2D279F1EE0E2EF00B0F0C6 /* VCRoot.xib in Resources */ = {isa = PBXBuildFile; fileRef = 1D2D279D1EE0E2EF00B0F0C6 /* VCRoot.xib */; };
/* End PBXBuildFile section */

/* Begin PBXContainerItemProxy section */
		1D2D277F1EE0E2C900B0F0C6 /* PBXContainerItemProxy */ = {
			isa = PBXContainerItemProxy;
			containerPortal = 1D2D275D1EE0E2C900B0F0C6 /* Project object */;
			proxyType = 1;
			remoteGlobalIDString = 1D2D27641EE0E2C900B0F0C6;
			remoteInfo = "03-ios-XIB创建登录界面";
		};
		1D2D278A1EE0E2C900B0F0C6 /* PBXContainerItemProxy */ = {
			isa = PBXContainerItemProxy;
			containerPortal = 1D2D275D1EE0E2C900B0F0C6 /* Project object */;
			proxyType = 1;
			remoteGlobalIDString = 1D2D27641EE0E2C900B0F0C6;
			remoteInfo = "03-ios-XIB创建登录界面";
		};
/* End PBXContainerItemProxy section */

/* Begin PBXFileReference section */
		1D2D27651EE0E2C900B0F0C6 /* 03-ios-XIB创建登录界面.app */ = {isa = PBXFileReference; explicitFileType = wrapper.application; includeInIndex = 0; path = "03-ios-XIB创建登录界面.app"; sourceTree = BUILT_PRODUCTS_DIR; };
		1D2D27691EE0E2C900B0F0C6 /* main.m */ = {isa = PBXFileReference; lastKnownFileType = sourcecode.c.objc; path = main.m; sourceTree = "<group>"; };
		1D2D276B1EE0E2C900B0F0C6 /* AppDelegate.h */ = {isa = PBXFileReference; lastKnownFileType = sourcecode.c.h; path = AppDelegate.h; sourceTree = "<group>"; };
		1D2D276C1EE0E2C900B0F0C6 /* AppDelegate.m */ = {isa = PBXFileReference; lastKnownFileType = sourcecode.c.objc; path = AppDelegate.m; sourceTree = "<group>"; };
		1D2D276E1EE0E2C900B0F0C6 /* ViewController.h */ = {isa = PBXFileReference; lastKnownFileType = sourcecode.c.h; path = ViewController.h; sourceTree = "<group>"; };
		1D2D276F1EE0E2C900B0F0C6 /* ViewController.m */ = {isa = PBXFileReference; lastKnownFileType = sourcecode.c.objc; path = ViewController.m; sourceTree = "<group>"; };
		1D2D27721EE0E2C900B0F0C6 /* Base */ = {isa = PBXFileReference; lastKnownFileType = file.storyboard; name = Base; path = Base.lproj/Main.storyboard; sourceTree = "<group>"; };
		1D2D27741EE0E2C900B0F0C6 /* Assets.xcassets */ = {isa = PBXFileReference; lastKnownFileType = folder.assetcatalog; path = Assets.xcassets; sourceTree = "<group>"; };
		1D2D27771EE0E2C900B0F0C6 /* Base */ = {isa = PBXFileReference; lastKnownFileType = file.storyboard; name = Base; path = Base.lproj/LaunchScreen.storyboard; sourceTree = "<group>"; };
		1D2D27791EE0E2C900B0F0C6 /* Info.plist */ = {isa = PBXFileReference; lastKnownFileType = text.plist.xml; path = Info.plist; sourceTree = "<group>"; };
		1D2D277E1EE0E2C900B0F0C6 /* 03-ios-XIB创建登录界面Tests.xctest */ = {isa = PBXFileReference; explicitFileType = wrapper.cfbundle; includeInIndex = 0; path = "03-ios-XIB创建登录界面Tests.xctest"; sourceTree = BUILT_PRODUCTS_DIR; };
		1D2D27821EE0E2C900B0F0C6 /* _3_ios_XIB______Tests.m */ = {isa = PBXFileReference; lastKnownFileType = sourcecode.c.objc; path = "_3_ios_XIB______Tests.m"; sourceTree = "<group>"; };
		1D2D27841EE0E2C900B0F0C6 /* Info.plist */ = {isa = PBXFileReference; lastKnownFileType = text.plist.xml; path = Info.plist; sourceTree = "<group>"; };
		1D2D27891EE0E2C900B0F0C6 /* 03-ios-XIB创建登录界面UITests.xctest */ = {isa = PBXFileReference; explicitFileType = wrapper.cfbundle; includeInIndex = 0; path = "03-ios-XIB创建登录界面UITests.xctest"; sourceTree = BUILT_PRODUCTS_DIR; };
		1D2D278D1EE0E2C900B0F0C6 /* _3_ios_XIB______UITests.m */ = {isa = PBXFileReference; lastKnownFileType = sourcecode.c.objc; path = "_3_ios_XIB______UITests.m"; sourceTree = "<group>"; };
		1D2D278F1EE0E2C900B0F0C6 /* Info.plist */ = {isa = PBXFileReference; lastKnownFileType = text.plist.xml; path = Info.plist; sourceTree = "<group>"; };
		1D2D279B1EE0E2EF00B0F0C6 /* VCRoot.h */ = {isa = PBXFileReference; fileEncoding = 4; lastKnownFileType = sourcecode.c.h; path = VCRoot.h; sourceTree = "<group>"; };
		1D2D279C1EE0E2EF00B0F0C6 /* VCRoot.m */ = {isa = PBXFileReference; fileEncoding = 4; lastKnownFileType = sourcecode.c.objc; path = VCRoot.m; sourceTree = "<group>"; };
		1D2D279D1EE0E2EF00B0F0C6 /* VCRoot.xib */ = {isa = PBXFileReference; fileEncoding = 4; lastKnownFileType = file.xib; path = VCRoot.xib; sourceTree = "<group>"; };
/* End PBXFileReference section */

/* Begin PBXFrameworksBuildPhase section */
		1D2D27621EE0E2C900B0F0C6 /* Frameworks */ = {
			isa = PBXFrameworksBuildPhase;
			buildActionMask = 2147483647;
			files = (
			);
			runOnlyForDeploymentPostprocessing = 0;
		};
		1D2D277B1EE0E2C900B0F0C6 /* Frameworks */ = {
			isa = PBXFrameworksBuildPhase;
			buildActionMask = 2147483647;
			files = (
			);
			runOnlyForDeploymentPostprocessing = 0;
		};
		1D2D27861EE0E2C900B0F0C6 /* Frameworks */ = {
			isa = PBXFrameworksBuildPhase;
			buildActionMask = 2147483647;
			files = (
			);
			runOnlyForDeploymentPostprocessing = 0;
		};
/* End PBXFrameworksBuildPhase section */

/* Begin PBXGroup section */
		1D2D275C1EE0E2C900B0F0C6 = {
			isa = PBXGroup;
			children = (
				1D2D27671EE0E2C900B0F0C6 /* 03-ios-XIB创建登录界面 */,
				1D2D27811EE0E2C900B0F0C6 /* 03-ios-XIB创建登录界面Tests */,
				1D2D278C1EE0E2C900B0F0C6 /* 03-ios-XIB创建登录界面UITests */,
				1D2D27661EE0E2C900B0F0C6 /* Products */,
			);
			sourceTree = "<group>";
		};
		1D2D27661EE0E2C900B0F0C6 /* Products */ = {
			isa = PBXGroup;
			children = (
				1D2D27651EE0E2C900B0F0C6 /* 03-ios-XIB创建登录界面.app */,
				1D2D277E1EE0E2C900B0F0C6 /* 03-ios-XIB创建登录界面Tests.xctest */,
				1D2D27891EE0E2C900B0F0C6 /* 03-ios-XIB创建登录界面UITests.xctest */,
			);
			name = Products;
			sourceTree = "<group>";
		};
		1D2D27671EE0E2C900B0F0C6 /* 03-ios-XIB创建登录界面 */ = {
			isa = PBXGroup;
			children = (
				1D2D279B1EE0E2EF00B0F0C6 /* VCRoot.h */,
				1D2D279C1EE0E2EF00B0F0C6 /* VCRoot.m */,
				1D2D279D1EE0E2EF00B0F0C6 /* VCRoot.xib */,
				1D2D276B1EE0E2C900B0F0C6 /* AppDelegate.h */,
				1D2D276C1EE0E2C900B0F0C6 /* AppDelegate.m */,
				1D2D276E1EE0E2C900B0F0C6 /* ViewController.h */,
				1D2D276F1EE0E2C900B0F0C6 /* ViewController.m */,
				1D2D27711EE0E2C900B0F0C6 /* Main.storyboard */,
				1D2D27741EE0E2C900B0F0C6 /* Assets.xcassets */,
				1D2D27761EE0E2C900B0F0C6 /* LaunchScreen.storyboard */,
				1D2D27791EE0E2C900B0F0C6 /* Info.plist */,
				1D2D27681EE0E2C900B0F0C6 /* Supporting Files */,
			);
			path = "03-ios-XIB创建登录界面";
			sourceTree = "<group>";
		};
		1D2D27681EE0E2C900B0F0C6 /* Supporting Files */ = {
			isa = PBXGroup;
			children = (
				1D2D27691EE0E2C900B0F0C6 /* main.m */,
			);
			name = "Supporting Files";
			sourceTree = "<group>";
		};
		1D2D27811EE0E2C900B0F0C6 /* 03-ios-XIB创建登录界面Tests */ = {
			isa = PBXGroup;
			children = (
				1D2D27821EE0E2C900B0F0C6 /* _3_ios_XIB______Tests.m */,
				1D2D27841EE0E2C900B0F0C6 /* Info.plist */,
			);
			path = "03-ios-XIB创建登录界面Tests";
			sourceTree = "<group>";
		};
		1D2D278C1EE0E2C900B0F0C6 /* 03-ios-XIB创建登录界面UITests */ = {
			isa = PBXGroup;
			children = (
				1D2D278D1EE0E2C900B0F0C6 /* _3_ios_XIB______UITests.m */,
				1D2D278F1EE0E2C900B0F0C6 /* Info.plist */,
			);
			path = "03-ios-XIB创建登录界面UITests";
			sourceTree = "<group>";
		};
/* End PBXGroup section */

/* Begin PBXNativeTarget section */
		1D2D27641EE0E2C900B0F0C6 /* 03-ios-XIB创建登录界面 */ = {
			isa = PBXNativeTarget;
			buildConfigurationList = 1D2D27921EE0E2C900B0F0C6 /* Build configuration list for PBXNativeTarget "03-ios-XIB创建登录界面" */;
			buildPhases = (
				1D2D27611EE0E2C900B0F0C6 /* Sources */,
				1D2D27621EE0E2C900B0F0C6 /* Frameworks */,
				1D2D27631EE0E2C900B0F0C6 /* Resources */,
			);
			buildRules = (
			);
			dependencies = (
			);
			name = "03-ios-XIB创建登录界面";
			productName = "03-ios-XIB创建登录界面";
			productReference = 1D2D27651EE0E2C900B0F0C6 /* 03-ios-XIB创建登录界面.app */;
			productType = "com.apple.product-type.application";
		};
		1D2D277D1EE0E2C900B0F0C6 /* 03-ios-XIB创建登录界面Tests */ = {
			isa = PBXNativeTarget;
			buildConfigurationList = 1D2D27951EE0E2C900B0F0C6 /* Build configuration list for PBXNativeTarget "03-ios-XIB创建登录界面Tests" */;
			buildPhases = (
				1D2D277A1EE0E2C900B0F0C6 /* Sources */,
				1D2D277B1EE0E2C900B0F0C6 /* Frameworks */,
				1D2D277C1EE0E2C900B0F0C6 /* Resources */,
			);
			buildRules = (
			);
			dependencies = (
				1D2D27801EE0E2C900B0F0C6 /* PBXTargetDependency */,
			);
			name = "03-ios-XIB创建登录界面Tests";
			productName = "03-ios-XIB创建登录界面Tests";
			productReference = 1D2D277E1EE0E2C900B0F0C6 /* 03-ios-XIB创建登录界面Tests.xctest */;
			productType = "com.apple.product-type.bundle.unit-test";
		};
		1D2D27881EE0E2C900B0F0C6 /* 03-ios-XIB创建登录界面UITests */ = {
			isa = PBXNativeTarget;
			buildConfigurationList = 1D2D27981EE0E2C900B0F0C6 /* Build configuration list for PBXNativeTarget "03-ios-XIB创建登录界面UITests" */;
			buildPhases = (
				1D2D27851EE0E2C900B0F0C6 /* Sources */,
				1D2D27861EE0E2C900B0F0C6 /* Frameworks */,
				1D2D27871EE0E2C900B0F0C6 /* Resources */,
			);
			buildRules = (
			);
			dependencies = (
				1D2D278B1EE0E2C900B0F0C6 /* PBXTargetDependency */,
			);
			name = "03-ios-XIB创建登录界面UITests";
			productName = "03-ios-XIB创建登录界面UITests";
			productReference = 1D2D27891EE0E2C900B0F0C6 /* 03-ios-XIB创建登录界面UITests.xctest */;
			productType = "com.apple.product-type.bundle.ui-testing";
		};
/* End PBXNativeTarget section */

/* Begin PBXProject section */
		1D2D275D1EE0E2C900B0F0C6 /* Project object */ = {
			isa = PBXProject;
			attributes = {
				LastUpgradeCheck = 0830;
				ORGANIZATIONNAME = apple;
				TargetAttributes = {
					1D2D27641EE0E2C900B0F0C6 = {
						CreatedOnToolsVersion = 8.3;
						ProvisioningStyle = Automatic;
					};
					1D2D277D1EE0E2C900B0F0C6 = {
						CreatedOnToolsVersion = 8.3;
						ProvisioningStyle = Automatic;
						TestTargetID = 1D2D27641EE0E2C900B0F0C6;
					};
					1D2D27881EE0E2C900B0F0C6 = {
						CreatedOnToolsVersion = 8.3;
						ProvisioningStyle = Automatic;
						TestTargetID = 1D2D27641EE0E2C900B0F0C6;
					};
				};
			};
			buildConfigurationList = 1D2D27601EE0E2C900B0F0C6 /* Build configuration list for PBXProject "03-ios-XIB创建登录界面" */;
			compatibilityVersion = "Xcode 3.2";
			developmentRegion = English;
			hasScannedForEncodings = 0;
			knownRegions = (
				en,
				Base,
			);
			mainGroup = 1D2D275C1EE0E2C900B0F0C6;
			productRefGroup = 1D2D27661EE0E2C900B0F0C6 /* Products */;
			projectDirPath = "";
			projectRoot = "";
			targets = (
				1D2D27641EE0E2C900B0F0C6 /* 03-ios-XIB创建登录界面 */,
				1D2D277D1EE0E2C900B0F0C6 /* 03-ios-XIB创建登录界面Tests */,
				1D2D27881EE0E2C900B0F0C6 /* 03-ios-XIB创建登录界面UITests */,
			);
		};
/* End PBXProject section */

/* Begin PBXResourcesBuildPhase section */
		1D2D27631EE0E2C900B0F0C6 /* Resources */ = {
			isa = PBXResourcesBuildPhase;
			buildActionMask = 2147483647;
			files = (
				1D2D279F1EE0E2EF00B0F0C6 /* VCRoot.xib in Resources */,
				1D2D27781EE0E2C900B0F0C6 /* LaunchScreen.storyboard in Resources */,
				1D2D27751EE0E2C900B0F0C6 /* Assets.xcassets in Resources */,
				1D2D27731EE0E2C900B0F0C6 /* Main.storyboard in Resources */,
			);
			runOnlyForDeploymentPostprocessing = 0;
		};
		1D2D277C1EE0E2C900B0F0C6 /* Resources */ = {
			isa = PBXResourcesBuildPhase;
			buildActionMask = 2147483647;
			files = (
			);
			runOnlyForDeploymentPostprocessing = 0;
		};
		1D2D27871EE0E2C900B0F0C6 /* Resources */ = {
			isa = PBXResourcesBuildPhase;
			buildActionMask = 2147483647;
			files = (
			);
			runOnlyForDeploymentPostprocessing = 0;
		};
/* End PBXResourcesBuildPhase section */

/* Begin PBXSourcesBuildPhase section */
		1D2D27611EE0E2C900B0F0C6 /* Sources */ = {
			isa = PBXSourcesBuildPhase;
			buildActionMask = 2147483647;
			files = (
				1D2D279E1EE0E2EF00B0F0C6 /* VCRoot.m in Sources */,
				1D2D27701EE0E2C900B0F0C6 /* ViewController.m in Sources */,
				1D2D276D1EE0E2C900B0F0C6 /* AppDelegate.m in Sources */,
				1D2D276A1EE0E2C900B0F0C6 /* main.m in Sources */,
			);
			runOnlyForDeploymentPostprocessing = 0;
		};
		1D2D277A1EE0E2C900B0F0C6 /* Sources */ = {
			isa = PBXSourcesBuildPhase;
			buildActionMask = 2147483647;
			files = (
				1D2D27831EE0E2C900B0F0C6 /* _3_ios_XIB______Tests.m in Sources */,
			);
			runOnlyForDeploymentPostprocessing = 0;
		};
		1D2D27851EE0E2C900B0F0C6 /* Sources */ = {
			isa = PBXSourcesBuildPhase;
			buildActionMask = 2147483647;
			files = (
				1D2D278E1EE0E2C900B0F0C6 /* _3_ios_XIB______UITests.m in Sources */,
			);
			runOnlyForDeploymentPostprocessing = 0;
		};
/* End PBXSourcesBuildPhase section */

/* Begin PBXTargetDependency section */
		1D2D27801EE0E2C900B0F0C6 /* PBXTargetDependency */ = {
			isa = PBXTargetDependency;
			target = 1D2D27641EE0E2C900B0F0C6 /* 03-ios-XIB创建登录界面 */;
			targetProxy = 1D2D277F1EE0E2C900B0F0C6 /* PBXContainerItemProxy */;
		};
		1D2D278B1EE0E2C900B0F0C6 /* PBXTargetDependency */ = {
			isa = PBXTargetDependency;
			target = 1D2D27641EE0E2C900B0F0C6 /* 03-ios-XIB创建登录界面 */;
			targetProxy = 1D2D278A1EE0E2C900B0F0C6 /* PBXContainerItemProxy */;
		};
/* End PBXTargetDependency section */

/* Begin PBXVariantGroup section */
		1D2D27711EE0E2C900B0F0C6 /* Main.storyboard */ = {
			isa = PBXVariantGroup;
			children = (
				1D2D27721EE0E2C900B0F0C6 /* Base */,
			);
			name = Main.storyboard;
			sourceTree = "<group>";
		};
		1D2D27761EE0E2C900B0F0C6 /* LaunchScreen.storyboard */ = {
			isa = PBXVariantGroup;
			children = (
				1D2D27771EE0E2C900B0F0C6 /* Base */,
			);
			name = LaunchScreen.storyboard;
			sourceTree = "<group>";
		};
/* End PBXVariantGroup section */

/* Begin XCBuildConfiguration section */
		1D2D27901EE0E2C900B0F0C6 /* Debug */ = {
			isa = XCBuildConfiguration;
			buildSettings = {
				ALWAYS_SEARCH_USER_PATHS = NO;
				CLANG_ANALYZER_NONNULL = YES;
				CLANG_ANALYZER_NUMBER_OBJECT_CONVERSION = YES_AGGRESSIVE;
				CLANG_CXX_LANGUAGE_STANDARD = "gnu++0x";
				CLANG_CXX_LIBRARY = "libc++";
				CLANG_ENABLE_MODULES = YES;
				CLANG_ENABLE_OBJC_ARC = YES;
				CLANG_WARN_BOOL_CONVERSION = YES;
				CLANG_WARN_CONSTANT_CONVERSION = YES;
				CLANG_WARN_DIRECT_OBJC_ISA_USAGE = YES_ERROR;
				CLANG_WARN_DOCUMENTATION_COMMENTS = YES;
				CLANG_WARN_EMPTY_BODY = YES;
				CLANG_WARN_ENUM_CONVERSION = YES;
				CLANG_WARN_INFINITE_RECURSION = YES;
				CLANG_WARN_INT_CONVERSION = YES;
				CLANG_WARN_OBJC_ROOT_CLASS = YES_ERROR;
				CLANG_WARN_SUSPICIOUS_MOVE = YES;
				CLANG_WARN_UNREACHABLE_CODE = YES;
				CLANG_WARN__DUPLICATE_METHOD_MATCH = YES;
				"CODE_SIGN_IDENTITY[sdk=iphoneos*]" = "iPhone Developer";
				COPY_PHASE_STRIP = NO;
				DEBUG_INFORMATION_FORMAT = dwarf;
				ENABLE_STRICT_OBJC_MSGSEND = YES;
				ENABLE_TESTABILITY = YES;
				GCC_C_LANGUAGE_STANDARD = gnu99;
				GCC_DYNAMIC_NO_PIC = NO;
				GCC_NO_COMMON_BLOCKS = YES;
				GCC_OPTIMIZATION_LEVEL = 0;
				GCC_PREPROCESSOR_DEFINITIONS = (
					"DEBUG=1",
					"$(inherited)",
				);
				GCC_WARN_64_TO_32_BIT_CONVERSION = YES;
				GCC_WARN_ABOUT_RETURN_TYPE = YES_ERROR;
				GCC_WARN_UNDECLARED_SELECTOR = YES;
				GCC_WARN_UNINITIALIZED_AUTOS = YES_AGGRESSIVE;
				GCC_WARN_UNUSED_FUNCTION = YES;
				GCC_WARN_UNUSED_VARIABLE = YES;
				IPHONEOS_DEPLOYMENT_TARGET = 10.3;
				MTL_ENABLE_DEBUG_INFO = YES;
				ONLY_ACTIVE_ARCH = YES;
				SDKROOT = iphoneos;
			};
			name = Debug;
		};
		1D2D27911EE0E2C900B0F0C6 /* Release */ = {
			isa = XCBuildConfiguration;
			buildSettings = {
				ALWAYS_SEARCH_USER_PATHS = NO;
				CLANG_ANALYZER_NONNULL = YES;
				CLANG_ANALYZER_NUMBER_OBJECT_CONVERSION = YES_AGGRESSIVE;
				CLANG_CXX_LANGUAGE_STANDARD = "gnu++0x";
				CLANG_CXX_LIBRARY = "libc++";
				CLANG_ENABLE_MODULES = YES;
				CLANG_ENABLE_OBJC_ARC = YES;
				CLANG_WARN_BOOL_CONVERSION = YES;
				CLANG_WARN_CONSTANT_CONVERSION = YES;
				CLANG_WARN_DIRECT_OBJC_ISA_USAGE = YES_ERROR;
				CLANG_WARN_DOCUMENTATION_COMMENTS = YES;
				CLANG_WARN_EMPTY_BODY = YES;
				CLANG_WARN_ENUM_CONVERSION = YES;
				CLANG_WARN_INFINITE_RECURSION = YES;
				CLANG_WARN_INT_CONVERSION = YES;
				CLANG_WARN_OBJC_ROOT_CLASS = YES_ERROR;
				CLANG_WARN_SUSPICIOUS_MOVE = YES;
				CLANG_WARN_UNREACHABLE_CODE = YES;
				CLANG_WARN__DUPLICATE_METHOD_MATCH = YES;
				"CODE_SIGN_IDENTITY[sdk=iphoneos*]" = "iPhone Developer";
				COPY_PHASE_STRIP = NO;
				DEBUG_INFORMATION_FORMAT = "dwarf-with-dsym";
				ENABLE_NS_ASSERTIONS = NO;
				ENABLE_STRICT_OBJC_MSGSEND = YES;
				GCC_C_LANGUAGE_STANDARD = gnu99;
				GCC_NO_COMMON_BLOCKS = YES;
				GCC_WARN_64_TO_32_BIT_CONVERSION = YES;
				GCC_WARN_ABOUT_RETURN_TYPE = YES_ERROR;
				GCC_WARN_UNDECLARED_SELECTOR = YES;
				GCC_WARN_UNINITIALIZED_AUTOS = YES_AGGRESSIVE;
				GCC_WARN_UNUSED_FUNCTION = YES;
				GCC_WARN_UNUSED_VARIABLE = YES;
				IPHONEOS_DEPLOYMENT_TARGET = 10.3;
				MTL_ENABLE_DEBUG_INFO = NO;
				SDKROOT = iphoneos;
				VALIDATE_PRODUCT = YES;
			};
			name = Release;
		};
		1D2D27931EE0E2C900B0F0C6 /* Debug */ = {
			isa = XCBuildConfiguration;
			buildSettings = {
				ASSETCATALOG_COMPILER_APPICON_NAME = AppIcon;
				INFOPLIST_FILE = "03-ios-XIB创建登录界面/Info.plist";
				IPHONEOS_DEPLOYMENT_TARGET = 8.0;
				LD_RUNPATH_SEARCH_PATHS = "$(inherited) @executable_path/Frameworks";
				PRODUCT_BUNDLE_IDENTIFIER = "Rick.-3-ios-XIB------";
				PRODUCT_NAME = "$(TARGET_NAME)";
			};
			name = Debug;
		};
		1D2D27941EE0E2C900B0F0C6 /* Release */ = {
			isa = XCBuildConfiguration;
			buildSettings = {
				ASSETCATALOG_COMPILER_APPICON_NAME = AppIcon;
				INFOPLIST_FILE = "03-ios-XIB创建登录界面/Info.plist";
				IPHONEOS_DEPLOYMENT_TARGET = 8.0;
				LD_RUNPATH_SEARCH_PATHS = "$(inherited) @executable_path/Frameworks";
				PRODUCT_BUNDLE_IDENTIFIER = "Rick.-3-ios-XIB------";
				PRODUCT_NAME = "$(TARGET_NAME)";
			};
			name = Release;
		};
		1D2D27961EE0E2C900B0F0C6 /* Debug */ = {
			isa = XCBuildConfiguration;
			buildSettings = {
				BUNDLE_LOADER = "$(TEST_HOST)";
				INFOPLIST_FILE = "03-ios-XIB创建登录界面Tests/Info.plist";
				LD_RUNPATH_SEARCH_PATHS = "$(inherited) @executable_path/Frameworks @loader_path/Frameworks";
				PRODUCT_BUNDLE_IDENTIFIER = "Rick.-3-ios-XIB------Tests";
				PRODUCT_NAME = "$(TARGET_NAME)";
				TEST_HOST = "$(BUILT_PRODUCTS_DIR)/03-ios-XIB创建登录界面.app/03-ios-XIB创建登录界面";
			};
			name = Debug;
		};
		1D2D27971EE0E2C900B0F0C6 /* Release */ = {
			isa = XCBuildConfiguration;
			buildSettings = {
				BUNDLE_LOADER = "$(TEST_HOST)";
				INFOPLIST_FILE = "03-ios-XIB创建登录界面Tests/Info.plist";
				LD_RUNPATH_SEARCH_PATHS = "$(inherited) @executable_path/Frameworks @loader_path/Frameworks";
				PRODUCT_BUNDLE_IDENTIFIER = "Rick.-3-ios-XIB------Tests";
				PRODUCT_NAME = "$(TARGET_NAME)";
				TEST_HOST = "$(BUILT_PRODUCTS_DIR)/03-ios-XIB创建登录界面.app/03-ios-XIB创建登录界面";
			};
			name = Release;
		};
		1D2D27991EE0E2C900B0F0C6 /* Debug */ = {
			isa = XCBuildConfiguration;
			buildSettings = {
				INFOPLIST_FILE = "03-ios-XIB创建登录界面UITests/Info.plist";
				LD_RUNPATH_SEARCH_PATHS = "$(inherited) @executable_path/Frameworks @loader_path/Frameworks";
				PRODUCT_BUNDLE_IDENTIFIER = "Rick.-3-ios-XIB------UITests";
				PRODUCT_NAME = "$(TARGET_NAME)";
				TEST_TARGET_NAME = "03-ios-XIB创建登录界面";
			};
			name = Debug;
		};
		1D2D279A1EE0E2C900B0F0C6 /* Release */ = {
			isa = XCBuildConfiguration;
			buildSettings = {
				INFOPLIST_FILE = "03-ios-XIB创建登录界面UITests/Info.plist";
				LD_RUNPATH_SEARCH_PATHS = "$(inherited) @executable_path/Frameworks @loader_path/Frameworks";
				PRODUCT_BUNDLE_IDENTIFIER = "Rick.-3-ios-XIB------UITests";
				PRODUCT_NAME = "$(TARGET_NAME)";
				TEST_TARGET_NAME = "03-ios-XIB创建登录界面";
			};
			name = Release;
		};
/* End XCBuildConfiguration section */

/* Begin XCConfigurationList section */
		1D2D27601EE0E2C900B0F0C6 /* Build configuration list for PBXProject "03-ios-XIB创建登录界面" */ = {
			isa = XCConfigurationList;
			buildConfigurations = (
				1D2D27901EE0E2C900B0F0C6 /* Debug */,
				1D2D27911EE0E2C900B0F0C6 /* Release */,
			);
			defaultConfigurationIsVisible = 0;
			defaultConfigurationName = Release;
		};
		1D2D27921EE0E2C900B0F0C6 /* Build configuration list for PBXNativeTarget "03-ios-XIB创建登录界面" */ = {
			isa = XCConfigurationList;
			buildConfigurations = (
				1D2D27931EE0E2C900B0F0C6 /* Debug */,
				1D2D27941EE0E2C900B0F0C6 /* Release */,
			);
			defaultConfigurationIsVisible = 0;
		};
		1D2D27951EE0E2C900B0F0C6 /* Build configuration list for PBXNativeTarget "03-ios-XIB创建登录界面Tests" */ = {
			isa = XCConfigurationList;
			buildConfigurations = (
				1D2D27961EE0E2C900B0F0C6 /* Debug */,
				1D2D27971EE0E2C900B0F0C6 /* Release */,
			);
			defaultConfigurationIsVisible = 0;
		};
		1D2D27981EE0E2C900B0F0C6 /* Build configuration list for PBXNativeTarget "03-ios-XIB创建登录界面UITests" */ = {
			isa = XCConfigurationList;
			buildConfigurations = (
				1D2D27991EE0E2C900B0F0C6 /* Debug */,
				1D2D279A1EE0E2C900B0F0C6 /* Release */,
			);
			defaultConfigurationIsVisible = 0;
		};
/* End XCConfigurationList section */
	};
	rootObject = 1D2D275D1EE0E2C900B0F0C6 /* Project object */;
}
